
Microsoft Visual Studio Solution File, Format Version 12.00
# Visual Studio Version 17
VisualStudioVersion = 17.2.32519.379
MinimumVisualStudioVersion = 10.0.40219.1
Project("{9A19103F-16F7-4668-BE54-9A1E7A4F7556}") = "JokesWebApp", "JokesWebApp.csproj", "{8FFC8215-3EA0-49AC-BF80-D0DB32DD3399}"
EndProject
Global
	GlobalSection(SolutionConfigurationPlatforms) = preSolution
		Debug|Any CPU = Debug|Any CPU
		Release|Any CPU = Release|Any CPU
	EndGlobalSection
	GlobalSection(ProjectConfigurationPlatforms) = postSolution
		{8FFC8215-3EA0-49AC-BF80-D0DB32DD3399}.Debug|Any CPU.ActiveCfg = Debug|Any CPU
		{8FFC8215-3EA0-49AC-BF80-D0DB32DD3399}.Debug|Any CPU.Build.0 = Debug|Any CPU
		{8FFC8215-3EA0-49AC-BF80-D0DB32DD3399}.Release|Any CPU.ActiveCfg = Release|Any CPU
		{8FFC8215-3EA0-49AC-BF80-D0DB32DD3399}.Release|Any CPU.Build.0 = Release|Any CPU
	EndGlobalSection
	GlobalSection(SolutionProperties) = preSolution
		HideSolutionNode = FALSE
	EndGlobalSection
	GlobalSection(ExtensibilityGlobals) = postSolution
		SolutionGuid = {C22BC6B7-97FC-4152-9AA8-FDF36CE8AD9D}
	EndGlobalSection
EndGlobal
